
Microsoft Visual Studio Solution File, Format Version 12.00
# Visual Studio Version 16
VisualStudioVersion = 16.0.30709.132
MinimumVisualStudioVersion = 10.0.40219.1
Project("{9A19103F-16F7-4668-BE54-9A1E7A4F7556}") = "StudentProgress.Web", "StudentProgress.Web\StudentProgress.Web.csproj", "{F8CCCCC0-1A85-46DA-9FE1-8FE233FBD62A}"
EndProject
Project("{9A19103F-16F7-4668-BE54-9A1E7A4F7556}") = "StudentProgress.Core", "StudentProgress.Core\StudentProgress.Core.csproj", "{3AD2EACD-7AA3-4C52-A522-EB6F06BE55A3}"
EndProject
Project("{9A19103F-16F7-4668-BE54-9A1E7A4F7556}") = "StudentProgress.Application", "StudentProgress.Application\StudentProgress.Application.csproj", "{38BAE8C3-AB92-451D-A1F7-2FE8070DDC04}"
EndProject
Project("{FAE04EC0-301F-11D3-BF4B-00C04F79EFBC}") = "StudentProgress.ApplicationTests", "StudentProgress.ApplicationTests\StudentProgress.ApplicationTests.csproj", "{A4012B3F-AB2D-4F91-85ED-E23E1F7A464E}"
EndProject
Global
	GlobalSection(SolutionConfigurationPlatforms) = preSolution
		Debug|Any CPU = Debug|Any CPU
		Release|Any CPU = Release|Any CPU
	EndGlobalSection
	GlobalSection(ProjectConfigurationPlatforms) = postSolution
		{F8CCCCC0-1A85-46DA-9FE1-8FE233FBD62A}.Debug|Any CPU.ActiveCfg = Debug|Any CPU
		{F8CCCCC0-1A85-46DA-9FE1-8FE233FBD62A}.Debug|Any CPU.Build.0 = Debug|Any CPU
		{F8CCCCC0-1A85-46DA-9FE1-8FE233FBD62A}.Release|Any CPU.ActiveCfg = Release|Any CPU
		{F8CCCCC0-1A85-46DA-9FE1-8FE233FBD62A}.Release|Any CPU.Build.0 = Release|Any CPU
		{3AD2EACD-7AA3-4C52-A522-EB6F06BE55A3}.Debug|Any CPU.ActiveCfg = Debug|Any CPU
		{3AD2EACD-7AA3-4C52-A522-EB6F06BE55A3}.Debug|Any CPU.Build.0 = Debug|Any CPU
		{3AD2EACD-7AA3-4C52-A522-EB6F06BE55A3}.Release|Any CPU.ActiveCfg = Release|Any CPU
		{3AD2EACD-7AA3-4C52-A522-EB6F06BE55A3}.Release|Any CPU.Build.0 = Release|Any CPU
		{38BAE8C3-AB92-451D-A1F7-2FE8070DDC04}.Debug|Any CPU.ActiveCfg = Debug|Any CPU
		{38BAE8C3-AB92-451D-A1F7-2FE8070DDC04}.Debug|Any CPU.Build.0 = Debug|Any CPU
		{38BAE8C3-AB92-451D-A1F7-2FE8070DDC04}.Release|Any CPU.ActiveCfg = Release|Any CPU
		{38BAE8C3-AB92-451D-A1F7-2FE8070DDC04}.Release|Any CPU.Build.0 = Release|Any CPU
		{A4012B3F-AB2D-4F91-85ED-E23E1F7A464E}.Debug|Any CPU.ActiveCfg = Debug|Any CPU
		{A4012B3F-AB2D-4F91-85ED-E23E1F7A464E}.Debug|Any CPU.Build.0 = Debug|Any CPU
		{A4012B3F-AB2D-4F91-85ED-E23E1F7A464E}.Release|Any CPU.ActiveCfg = Release|Any CPU
		{A4012B3F-AB2D-4F91-85ED-E23E1F7A464E}.Release|Any CPU.Build.0 = Release|Any CPU
	EndGlobalSection
	GlobalSection(SolutionProperties) = preSolution
		HideSolutionNode = FALSE
	EndGlobalSection
	GlobalSection(ExtensibilityGlobals) = postSolution
		SolutionGuid = {C62D231B-F6DB-4268-8023-FFF6A9FF4C1C}
	EndGlobalSection
EndGlobal
