
Microsoft Visual Studio Solution File, Format Version 12.00
# Visual Studio Version 16
VisualStudioVersion = 16.0.30709.132
MinimumVisualStudioVersion = 10.0.40219.1
Project("{9A19103F-16F7-4668-BE54-9A1E7A4F7556}") = "StudentProgress.Web", "StudentProgress.Web\StudentProgress.Web.csproj", "{F8CCCCC0-1A85-46DA-9FE1-8FE233FBD62A}"
EndProject
Project("{9A19103F-16F7-4668-BE54-9A1E7A4F7556}") = "StudentProgress.Core", "StudentProgress.Core\StudentProgress.Core.csproj", "{3AD2EACD-7AA3-4C52-A522-EB6F06BE55A3}"
EndProject
Project("{9A19103F-16F7-4668-BE54-9A1E7A4F7556}") = "StudentProgress.CoreTests", "StudentProgress.CoreTests\StudentProgress.CoreTests.csproj", "{4B728F25-A50C-46EB-A073-EF7688FB9F81}"
EndProject
Project("{2150E333-8FDC-42A3-9474-1A3956D46DE8}") = "Solution Items", "Solution Items", "{206E32CD-1B1B-4144-8FFC-4D7DB4103E81}"
	ProjectSection(SolutionItems) = preProject
		.editorconfig = .editorconfig
	EndProjectSection
EndProject
Global
	GlobalSection(SolutionConfigurationPlatforms) = preSolution
		Debug|Any CPU = Debug|Any CPU
		Release|Any CPU = Release|Any CPU
	EndGlobalSection
	GlobalSection(ProjectConfigurationPlatforms) = postSolution
		{F8CCCCC0-1A85-46DA-9FE1-8FE233FBD62A}.Debug|Any CPU.ActiveCfg = Debug|Any CPU
		{F8CCCCC0-1A85-46DA-9FE1-8FE233FBD62A}.Debug|Any CPU.Build.0 = Debug|Any CPU
		{F8CCCCC0-1A85-46DA-9FE1-8FE233FBD62A}.Release|Any CPU.ActiveCfg = Release|Any CPU
		{F8CCCCC0-1A85-46DA-9FE1-8FE233FBD62A}.Release|Any CPU.Build.0 = Release|Any CPU
		{3AD2EACD-7AA3-4C52-A522-EB6F06BE55A3}.Debug|Any CPU.ActiveCfg = Debug|Any CPU
		{3AD2EACD-7AA3-4C52-A522-EB6F06BE55A3}.Debug|Any CPU.Build.0 = Debug|Any CPU
		{3AD2EACD-7AA3-4C52-A522-EB6F06BE55A3}.Release|Any CPU.ActiveCfg = Release|Any CPU
		{3AD2EACD-7AA3-4C52-A522-EB6F06BE55A3}.Release|Any CPU.Build.0 = Release|Any CPU
		{4B728F25-A50C-46EB-A073-EF7688FB9F81}.Debug|Any CPU.ActiveCfg = Debug|Any CPU
		{4B728F25-A50C-46EB-A073-EF7688FB9F81}.Debug|Any CPU.Build.0 = Debug|Any CPU
		{4B728F25-A50C-46EB-A073-EF7688FB9F81}.Release|Any CPU.ActiveCfg = Release|Any CPU
		{4B728F25-A50C-46EB-A073-EF7688FB9F81}.Release|Any CPU.Build.0 = Release|Any CPU
	EndGlobalSection
	GlobalSection(SolutionProperties) = preSolution
		HideSolutionNode = FALSE
	EndGlobalSection
	GlobalSection(ExtensibilityGlobals) = postSolution
		SolutionGuid = {C62D231B-F6DB-4268-8023-FFF6A9FF4C1C}
	EndGlobalSection
EndGlobal
